
Microsoft Visual Studio Solution File, Format Version 12.00
# Visual Studio Version 17
VisualStudioVersion = 17.0.31903.59
MinimumVisualStudioVersion = 10.0.40219.1
Project("{FAE04EC0-301F-11D3-BF4B-00C04F79EFBC}") = "GameStore.Common", "GameStore.Common\GameStore.Common.csproj", "{2E707C92-B2CB-492A-87B0-334D26D6AAB2}"
EndProject
Project("{FAE04EC0-301F-11D3-BF4B-00C04F79EFBC}") = "GameStore.Console", "GameStore.Console\GameStore.Console.csproj", "{4029FE13-D7F0-426B-AAF8-C0E791023AC2}"
EndProject
Global
	GlobalSection(SolutionConfigurationPlatforms) = preSolution
		Debug|Any CPU = Debug|Any CPU
		Release|Any CPU = Release|Any CPU
	EndGlobalSection
	GlobalSection(SolutionProperties) = preSolution
		HideSolutionNode = FALSE
	EndGlobalSection
	GlobalSection(ProjectConfigurationPlatforms) = postSolution
		{2E707C92-B2CB-492A-87B0-334D26D6AAB2}.Debug|Any CPU.ActiveCfg = Debug|Any CPU
		{2E707C92-B2CB-492A-87B0-334D26D6AAB2}.Debug|Any CPU.Build.0 = Debug|Any CPU
		{2E707C92-B2CB-492A-87B0-334D26D6AAB2}.Release|Any CPU.ActiveCfg = Release|Any CPU
		{2E707C92-B2CB-492A-87B0-334D26D6AAB2}.Release|Any CPU.Build.0 = Release|Any CPU
		{4029FE13-D7F0-426B-AAF8-C0E791023AC2}.Debug|Any CPU.ActiveCfg = Debug|Any CPU
		{4029FE13-D7F0-426B-AAF8-C0E791023AC2}.Debug|Any CPU.Build.0 = Debug|Any CPU
		{4029FE13-D7F0-426B-AAF8-C0E791023AC2}.Release|Any CPU.ActiveCfg = Release|Any CPU
		{4029FE13-D7F0-426B-AAF8-C0E791023AC2}.Release|Any CPU.Build.0 = Release|Any CPU
	EndGlobalSection
EndGlobal
